// !$*UTF8*$!
{
	archiveVersion = 1;
	classes = {
	};
	objectVersion = 50;
	objects = {

/* Begin PBXBuildFile section */
		8B26B131229AB42C00A224BE /* AppDelegate.swift in Sources */ = {isa = PBXBuildFile; fileRef = 8B26B130229AB42C00A224BE /* AppDelegate.swift */; };
		8B26B133229AB42C00A224BE /* AccountViewController.swift in Sources */ = {isa = PBXBuildFile; fileRef = 8B26B132229AB42C00A224BE /* AccountViewController.swift */; };
		8B26B136229AB42C00A224BE /* Main.storyboard in Resources */ = {isa = PBXBuildFile; fileRef = 8B26B134229AB42C00A224BE /* Main.storyboard */; };
		8B26B138229AB42E00A224BE /* Assets.xcassets in Resources */ = {isa = PBXBuildFile; fileRef = 8B26B137229AB42E00A224BE /* Assets.xcassets */; };
		8B26B13B229AB42E00A224BE /* LaunchScreen.storyboard in Resources */ = {isa = PBXBuildFile; fileRef = 8B26B139229AB42E00A224BE /* LaunchScreen.storyboard */; };
		8B26B146229AB42E00A224BE /* StarlingRounderTests.swift in Sources */ = {isa = PBXBuildFile; fileRef = 8B26B145229AB42E00A224BE /* StarlingRounderTests.swift */; };
		8B26B152229ABDCE00A224BE /* Account.swift in Sources */ = {isa = PBXBuildFile; fileRef = 8B26B151229ABDCE00A224BE /* Account.swift */; };
		8B26B154229ABDDF00A224BE /* SavingGoal.swift in Sources */ = {isa = PBXBuildFile; fileRef = 8B26B153229ABDDF00A224BE /* SavingGoal.swift */; };
		8B26B156229ABDEA00A224BE /* Transaction.swift in Sources */ = {isa = PBXBuildFile; fileRef = 8B26B155229ABDEA00A224BE /* Transaction.swift */; };
		8B26B158229AD35000A224BE /* Enums.swift in Sources */ = {isa = PBXBuildFile; fileRef = 8B26B157229AD35000A224BE /* Enums.swift */; };
		8B26B15A229AD45000A224BE /* Amount.swift in Sources */ = {isa = PBXBuildFile; fileRef = 8B26B159229AD45000A224BE /* Amount.swift */; };
		8B26B15C229ADC9600A224BE /* AccountViewModel.swift in Sources */ = {isa = PBXBuildFile; fileRef = 8B26B15B229ADC9600A224BE /* AccountViewModel.swift */; };
/* End PBXBuildFile section */

/* Begin PBXContainerItemProxy section */
		8B26B142229AB42E00A224BE /* PBXContainerItemProxy */ = {
			isa = PBXContainerItemProxy;
			containerPortal = 8B26B125229AB42C00A224BE /* Project object */;
			proxyType = 1;
			remoteGlobalIDString = 8B26B12C229AB42C00A224BE;
			remoteInfo = StarlingRounder;
		};
/* End PBXContainerItemProxy section */

/* Begin PBXFileReference section */
		8B26B12D229AB42C00A224BE /* StarlingRounder.app */ = {isa = PBXFileReference; explicitFileType = wrapper.application; includeInIndex = 0; path = StarlingRounder.app; sourceTree = BUILT_PRODUCTS_DIR; };
		8B26B130229AB42C00A224BE /* AppDelegate.swift */ = {isa = PBXFileReference; lastKnownFileType = sourcecode.swift; path = AppDelegate.swift; sourceTree = "<group>"; };
		8B26B132229AB42C00A224BE /* AccountViewController.swift */ = {isa = PBXFileReference; lastKnownFileType = sourcecode.swift; path = AccountViewController.swift; sourceTree = "<group>"; };
		8B26B135229AB42C00A224BE /* Base */ = {isa = PBXFileReference; lastKnownFileType = file.storyboard; name = Base; path = Base.lproj/Main.storyboard; sourceTree = "<group>"; };
		8B26B137229AB42E00A224BE /* Assets.xcassets */ = {isa = PBXFileReference; lastKnownFileType = folder.assetcatalog; path = Assets.xcassets; sourceTree = "<group>"; };
		8B26B13A229AB42E00A224BE /* Base */ = {isa = PBXFileReference; lastKnownFileType = file.storyboard; name = Base; path = Base.lproj/LaunchScreen.storyboard; sourceTree = "<group>"; };
		8B26B13C229AB42E00A224BE /* Info.plist */ = {isa = PBXFileReference; lastKnownFileType = text.plist.xml; path = Info.plist; sourceTree = "<group>"; };
		8B26B141229AB42E00A224BE /* StarlingRounderTests.xctest */ = {isa = PBXFileReference; explicitFileType = wrapper.cfbundle; includeInIndex = 0; path = StarlingRounderTests.xctest; sourceTree = BUILT_PRODUCTS_DIR; };
		8B26B145229AB42E00A224BE /* StarlingRounderTests.swift */ = {isa = PBXFileReference; lastKnownFileType = sourcecode.swift; path = StarlingRounderTests.swift; sourceTree = "<group>"; };
		8B26B147229AB42E00A224BE /* Info.plist */ = {isa = PBXFileReference; lastKnownFileType = text.plist.xml; path = Info.plist; sourceTree = "<group>"; };
		8B26B151229ABDCE00A224BE /* Account.swift */ = {isa = PBXFileReference; lastKnownFileType = sourcecode.swift; path = Account.swift; sourceTree = "<group>"; };
		8B26B153229ABDDF00A224BE /* SavingGoal.swift */ = {isa = PBXFileReference; lastKnownFileType = sourcecode.swift; path = SavingGoal.swift; sourceTree = "<group>"; };
		8B26B155229ABDEA00A224BE /* Transaction.swift */ = {isa = PBXFileReference; lastKnownFileType = sourcecode.swift; path = Transaction.swift; sourceTree = "<group>"; };
		8B26B157229AD35000A224BE /* Enums.swift */ = {isa = PBXFileReference; lastKnownFileType = sourcecode.swift; path = Enums.swift; sourceTree = "<group>"; };
		8B26B159229AD45000A224BE /* Amount.swift */ = {isa = PBXFileReference; lastKnownFileType = sourcecode.swift; path = Amount.swift; sourceTree = "<group>"; };
		8B26B15B229ADC9600A224BE /* AccountViewModel.swift */ = {isa = PBXFileReference; lastKnownFileType = sourcecode.swift; path = AccountViewModel.swift; sourceTree = "<group>"; };
/* End PBXFileReference section */

/* Begin PBXFrameworksBuildPhase section */
		8B26B12A229AB42C00A224BE /* Frameworks */ = {
			isa = PBXFrameworksBuildPhase;
			buildActionMask = 2147483647;
			files = (
			);
			runOnlyForDeploymentPostprocessing = 0;
		};
		8B26B13E229AB42E00A224BE /* Frameworks */ = {
			isa = PBXFrameworksBuildPhase;
			buildActionMask = 2147483647;
			files = (
			);
			runOnlyForDeploymentPostprocessing = 0;
		};
/* End PBXFrameworksBuildPhase section */

/* Begin PBXGroup section */
		8B26B124229AB42C00A224BE = {
			isa = PBXGroup;
			children = (
				8B26B12F229AB42C00A224BE /* StarlingRounder */,
				8B26B144229AB42E00A224BE /* StarlingRounderTests */,
				8B26B12E229AB42C00A224BE /* Products */,
			);
			sourceTree = "<group>";
		};
		8B26B12E229AB42C00A224BE /* Products */ = {
			isa = PBXGroup;
			children = (
				8B26B12D229AB42C00A224BE /* StarlingRounder.app */,
				8B26B141229AB42E00A224BE /* StarlingRounderTests.xctest */,
			);
			name = Products;
			sourceTree = "<group>";
		};
		8B26B12F229AB42C00A224BE /* StarlingRounder */ = {
			isa = PBXGroup;
			children = (
				8B26B150229ABDB000A224BE /* Model */,
				8B26B130229AB42C00A224BE /* AppDelegate.swift */,
				8B26B132229AB42C00A224BE /* AccountViewController.swift */,
				8B26B15B229ADC9600A224BE /* AccountViewModel.swift */,
				8B26B134229AB42C00A224BE /* Main.storyboard */,
				8B26B137229AB42E00A224BE /* Assets.xcassets */,
				8B26B139229AB42E00A224BE /* LaunchScreen.storyboard */,
				8B26B13C229AB42E00A224BE /* Info.plist */,
			);
			path = StarlingRounder;
			sourceTree = "<group>";
		};
		8B26B144229AB42E00A224BE /* StarlingRounderTests */ = {
			isa = PBXGroup;
			children = (
				8B26B145229AB42E00A224BE /* StarlingRounderTests.swift */,
				8B26B147229AB42E00A224BE /* Info.plist */,
			);
			path = StarlingRounderTests;
			sourceTree = "<group>";
		};
		8B26B150229ABDB000A224BE /* Model */ = {
			isa = PBXGroup;
			children = (
				8B26B157229AD35000A224BE /* Enums.swift */,
				8B26B159229AD45000A224BE /* Amount.swift */,
				8B26B151229ABDCE00A224BE /* Account.swift */,
				8B26B153229ABDDF00A224BE /* SavingGoal.swift */,
				8B26B155229ABDEA00A224BE /* Transaction.swift */,
			);
			path = Model;
			sourceTree = "<group>";
		};
/* End PBXGroup section */

/* Begin PBXNativeTarget section */
		8B26B12C229AB42C00A224BE /* StarlingRounder */ = {
			isa = PBXNativeTarget;
			buildConfigurationList = 8B26B14A229AB42E00A224BE /* Build configuration list for PBXNativeTarget "StarlingRounder" */;
			buildPhases = (
				8B26B129229AB42C00A224BE /* Sources */,
				8B26B12A229AB42C00A224BE /* Frameworks */,
				8B26B12B229AB42C00A224BE /* Resources */,
			);
			buildRules = (
			);
			dependencies = (
			);
			name = StarlingRounder;
			productName = StarlingRounder;
			productReference = 8B26B12D229AB42C00A224BE /* StarlingRounder.app */;
			productType = "com.apple.product-type.application";
		};
		8B26B140229AB42E00A224BE /* StarlingRounderTests */ = {
			isa = PBXNativeTarget;
			buildConfigurationList = 8B26B14D229AB42E00A224BE /* Build configuration list for PBXNativeTarget "StarlingRounderTests" */;
			buildPhases = (
				8B26B13D229AB42E00A224BE /* Sources */,
				8B26B13E229AB42E00A224BE /* Frameworks */,
				8B26B13F229AB42E00A224BE /* Resources */,
			);
			buildRules = (
			);
			dependencies = (
				8B26B143229AB42E00A224BE /* PBXTargetDependency */,
			);
			name = StarlingRounderTests;
			productName = StarlingRounderTests;
			productReference = 8B26B141229AB42E00A224BE /* StarlingRounderTests.xctest */;
			productType = "com.apple.product-type.bundle.unit-test";
		};
/* End PBXNativeTarget section */

/* Begin PBXProject section */
		8B26B125229AB42C00A224BE /* Project object */ = {
			isa = PBXProject;
			attributes = {
				LastSwiftUpdateCheck = 1020;
				LastUpgradeCheck = 1020;
				ORGANIZATIONNAME = RiccardoScanavacca;
				TargetAttributes = {
					8B26B12C229AB42C00A224BE = {
						CreatedOnToolsVersion = 10.2.1;
					};
					8B26B140229AB42E00A224BE = {
						CreatedOnToolsVersion = 10.2.1;
						TestTargetID = 8B26B12C229AB42C00A224BE;
					};
				};
			};
			buildConfigurationList = 8B26B128229AB42C00A224BE /* Build configuration list for PBXProject "StarlingRounder" */;
			compatibilityVersion = "Xcode 9.3";
			developmentRegion = en;
			hasScannedForEncodings = 0;
			knownRegions = (
				en,
				Base,
			);
			mainGroup = 8B26B124229AB42C00A224BE;
			productRefGroup = 8B26B12E229AB42C00A224BE /* Products */;
			projectDirPath = "";
			projectRoot = "";
			targets = (
				8B26B12C229AB42C00A224BE /* StarlingRounder */,
				8B26B140229AB42E00A224BE /* StarlingRounderTests */,
			);
		};
/* End PBXProject section */

/* Begin PBXResourcesBuildPhase section */
		8B26B12B229AB42C00A224BE /* Resources */ = {
			isa = PBXResourcesBuildPhase;
			buildActionMask = 2147483647;
			files = (
				8B26B13B229AB42E00A224BE /* LaunchScreen.storyboard in Resources */,
				8B26B138229AB42E00A224BE /* Assets.xcassets in Resources */,
				8B26B136229AB42C00A224BE /* Main.storyboard in Resources */,
			);
			runOnlyForDeploymentPostprocessing = 0;
		};
		8B26B13F229AB42E00A224BE /* Resources */ = {
			isa = PBXResourcesBuildPhase;
			buildActionMask = 2147483647;
			files = (
			);
			runOnlyForDeploymentPostprocessing = 0;
		};
/* End PBXResourcesBuildPhase section */

/* Begin PBXSourcesBuildPhase section */
		8B26B129229AB42C00A224BE /* Sources */ = {
			isa = PBXSourcesBuildPhase;
			buildActionMask = 2147483647;
			files = (
				8B26B133229AB42C00A224BE /* AccountViewController.swift in Sources */,
				8B26B131229AB42C00A224BE /* AppDelegate.swift in Sources */,
				8B26B15C229ADC9600A224BE /* AccountViewModel.swift in Sources */,
				8B26B158229AD35000A224BE /* Enums.swift in Sources */,
				8B26B15A229AD45000A224BE /* Amount.swift in Sources */,
				8B26B154229ABDDF00A224BE /* SavingGoal.swift in Sources */,
				8B26B152229ABDCE00A224BE /* Account.swift in Sources */,
				8B26B156229ABDEA00A224BE /* Transaction.swift in Sources */,
			);
			runOnlyForDeploymentPostprocessing = 0;
		};
		8B26B13D229AB42E00A224BE /* Sources */ = {
			isa = PBXSourcesBuildPhase;
			buildActionMask = 2147483647;
			files = (
				8B26B146229AB42E00A224BE /* StarlingRounderTests.swift in Sources */,
			);
			runOnlyForDeploymentPostprocessing = 0;
		};
/* End PBXSourcesBuildPhase section */

/* Begin PBXTargetDependency section */
		8B26B143229AB42E00A224BE /* PBXTargetDependency */ = {
			isa = PBXTargetDependency;
			target = 8B26B12C229AB42C00A224BE /* StarlingRounder */;
			targetProxy = 8B26B142229AB42E00A224BE /* PBXContainerItemProxy */;
		};
/* End PBXTargetDependency section */

/* Begin PBXVariantGroup section */
		8B26B134229AB42C00A224BE /* Main.storyboard */ = {
			isa = PBXVariantGroup;
			children = (
				8B26B135229AB42C00A224BE /* Base */,
			);
			name = Main.storyboard;
			sourceTree = "<group>";
		};
		8B26B139229AB42E00A224BE /* LaunchScreen.storyboard */ = {
			isa = PBXVariantGroup;
			children = (
				8B26B13A229AB42E00A224BE /* Base */,
			);
			name = LaunchScreen.storyboard;
			sourceTree = "<group>";
		};
/* End PBXVariantGroup section */

/* Begin XCBuildConfiguration section */
		8B26B148229AB42E00A224BE /* Debug */ = {
			isa = XCBuildConfiguration;
			buildSettings = {
				ALWAYS_SEARCH_USER_PATHS = NO;
				CLANG_ANALYZER_NONNULL = YES;
				CLANG_ANALYZER_NUMBER_OBJECT_CONVERSION = YES_AGGRESSIVE;
				CLANG_CXX_LANGUAGE_STANDARD = "gnu++14";
				CLANG_CXX_LIBRARY = "libc++";
				CLANG_ENABLE_MODULES = YES;
				CLANG_ENABLE_OBJC_ARC = YES;
				CLANG_ENABLE_OBJC_WEAK = YES;
				CLANG_WARN_BLOCK_CAPTURE_AUTORELEASING = YES;
				CLANG_WARN_BOOL_CONVERSION = YES;
				CLANG_WARN_COMMA = YES;
				CLANG_WARN_CONSTANT_CONVERSION = YES;
				CLANG_WARN_DEPRECATED_OBJC_IMPLEMENTATIONS = YES;
				CLANG_WARN_DIRECT_OBJC_ISA_USAGE = YES_ERROR;
				CLANG_WARN_DOCUMENTATION_COMMENTS = YES;
				CLANG_WARN_EMPTY_BODY = YES;
				CLANG_WARN_ENUM_CONVERSION = YES;
				CLANG_WARN_INFINITE_RECURSION = YES;
				CLANG_WARN_INT_CONVERSION = YES;
				CLANG_WARN_NON_LITERAL_NULL_CONVERSION = YES;
				CLANG_WARN_OBJC_IMPLICIT_RETAIN_SELF = YES;
				CLANG_WARN_OBJC_LITERAL_CONVERSION = YES;
				CLANG_WARN_OBJC_ROOT_CLASS = YES_ERROR;
				CLANG_WARN_RANGE_LOOP_ANALYSIS = YES;
				CLANG_WARN_STRICT_PROTOTYPES = YES;
				CLANG_WARN_SUSPICIOUS_MOVE = YES;
				CLANG_WARN_UNGUARDED_AVAILABILITY = YES_AGGRESSIVE;
				CLANG_WARN_UNREACHABLE_CODE = YES;
				CLANG_WARN__DUPLICATE_METHOD_MATCH = YES;
				CODE_SIGN_IDENTITY = "iPhone Developer";
				COPY_PHASE_STRIP = NO;
				DEBUG_INFORMATION_FORMAT = dwarf;
				ENABLE_STRICT_OBJC_MSGSEND = YES;
				ENABLE_TESTABILITY = YES;
				GCC_C_LANGUAGE_STANDARD = gnu11;
				GCC_DYNAMIC_NO_PIC = NO;
				GCC_NO_COMMON_BLOCKS = YES;
				GCC_OPTIMIZATION_LEVEL = 0;
				GCC_PREPROCESSOR_DEFINITIONS = (
					"DEBUG=1",
					"$(inherited)",
				);
				GCC_WARN_64_TO_32_BIT_CONVERSION = YES;
				GCC_WARN_ABOUT_RETURN_TYPE = YES_ERROR;
				GCC_WARN_UNDECLARED_SELECTOR = YES;
				GCC_WARN_UNINITIALIZED_AUTOS = YES_AGGRESSIVE;
				GCC_WARN_UNUSED_FUNCTION = YES;
				GCC_WARN_UNUSED_VARIABLE = YES;
				IPHONEOS_DEPLOYMENT_TARGET = 12.2;
				MTL_ENABLE_DEBUG_INFO = INCLUDE_SOURCE;
				MTL_FAST_MATH = YES;
				ONLY_ACTIVE_ARCH = YES;
				SDKROOT = iphoneos;
				SWIFT_ACTIVE_COMPILATION_CONDITIONS = DEBUG;
				SWIFT_OPTIMIZATION_LEVEL = "-Onone";
			};
			name = Debug;
		};
		8B26B149229AB42E00A224BE /* Release */ = {
			isa = XCBuildConfiguration;
			buildSettings = {
				ALWAYS_SEARCH_USER_PATHS = NO;
				CLANG_ANALYZER_NONNULL = YES;
				CLANG_ANALYZER_NUMBER_OBJECT_CONVERSION = YES_AGGRESSIVE;
				CLANG_CXX_LANGUAGE_STANDARD = "gnu++14";
				CLANG_CXX_LIBRARY = "libc++";
				CLANG_ENABLE_MODULES = YES;
				CLANG_ENABLE_OBJC_ARC = YES;
				CLANG_ENABLE_OBJC_WEAK = YES;
				CLANG_WARN_BLOCK_CAPTURE_AUTORELEASING = YES;
				CLANG_WARN_BOOL_CONVERSION = YES;
				CLANG_WARN_COMMA = YES;
				CLANG_WARN_CONSTANT_CONVERSION = YES;
				CLANG_WARN_DEPRECATED_OBJC_IMPLEMENTATIONS = YES;
				CLANG_WARN_DIRECT_OBJC_ISA_USAGE = YES_ERROR;
				CLANG_WARN_DOCUMENTATION_COMMENTS = YES;
				CLANG_WARN_EMPTY_BODY = YES;
				CLANG_WARN_ENUM_CONVERSION = YES;
				CLANG_WARN_INFINITE_RECURSION = YES;
				CLANG_WARN_INT_CONVERSION = YES;
				CLANG_WARN_NON_LITERAL_NULL_CONVERSION = YES;
				CLANG_WARN_OBJC_IMPLICIT_RETAIN_SELF = YES;
				CLANG_WARN_OBJC_LITERAL_CONVERSION = YES;
				CLANG_WARN_OBJC_ROOT_CLASS = YES_ERROR;
				CLANG_WARN_RANGE_LOOP_ANALYSIS = YES;
				CLANG_WARN_STRICT_PROTOTYPES = YES;
				CLANG_WARN_SUSPICIOUS_MOVE = YES;
				CLANG_WARN_UNGUARDED_AVAILABILITY = YES_AGGRESSIVE;
				CLANG_WARN_UNREACHABLE_CODE = YES;
				CLANG_WARN__DUPLICATE_METHOD_MATCH = YES;
				CODE_SIGN_IDENTITY = "iPhone Developer";
				COPY_PHASE_STRIP = NO;
				DEBUG_INFORMATION_FORMAT = "dwarf-with-dsym";
				ENABLE_NS_ASSERTIONS = NO;
				ENABLE_STRICT_OBJC_MSGSEND = YES;
				GCC_C_LANGUAGE_STANDARD = gnu11;
				GCC_NO_COMMON_BLOCKS = YES;
				GCC_WARN_64_TO_32_BIT_CONVERSION = YES;
				GCC_WARN_ABOUT_RETURN_TYPE = YES_ERROR;
				GCC_WARN_UNDECLARED_SELECTOR = YES;
				GCC_WARN_UNINITIALIZED_AUTOS = YES_AGGRESSIVE;
				GCC_WARN_UNUSED_FUNCTION = YES;
				GCC_WARN_UNUSED_VARIABLE = YES;
				IPHONEOS_DEPLOYMENT_TARGET = 12.2;
				MTL_ENABLE_DEBUG_INFO = NO;
				MTL_FAST_MATH = YES;
				SDKROOT = iphoneos;
				SWIFT_COMPILATION_MODE = wholemodule;
				SWIFT_OPTIMIZATION_LEVEL = "-O";
				VALIDATE_PRODUCT = YES;
			};
			name = Release;
		};
		8B26B14B229AB42E00A224BE /* Debug */ = {
			isa = XCBuildConfiguration;
			buildSettings = {
				ASSETCATALOG_COMPILER_APPICON_NAME = AppIcon;
				CODE_SIGN_STYLE = Automatic;
				DEVELOPMENT_TEAM = 2GM46VBD99;
				INFOPLIST_FILE = StarlingRounder/Info.plist;
				LD_RUNPATH_SEARCH_PATHS = (
					"$(inherited)",
					"@executable_path/Frameworks",
				);
				PRODUCT_BUNDLE_IDENTIFIER = com.riccardoscanavacca.StarlingRounder;
				PRODUCT_NAME = "$(TARGET_NAME)";
				SWIFT_VERSION = 5.0;
				TARGETED_DEVICE_FAMILY = "1,2";
			};
			name = Debug;
		};
		8B26B14C229AB42E00A224BE /* Release */ = {
			isa = XCBuildConfiguration;
			buildSettings = {
				ASSETCATALOG_COMPILER_APPICON_NAME = AppIcon;
				CODE_SIGN_STYLE = Automatic;
				DEVELOPMENT_TEAM = 2GM46VBD99;
				INFOPLIST_FILE = StarlingRounder/Info.plist;
				LD_RUNPATH_SEARCH_PATHS = (
					"$(inherited)",
					"@executable_path/Frameworks",
				);
				PRODUCT_BUNDLE_IDENTIFIER = com.riccardoscanavacca.StarlingRounder;
				PRODUCT_NAME = "$(TARGET_NAME)";
				SWIFT_VERSION = 5.0;
				TARGETED_DEVICE_FAMILY = "1,2";
			};
			name = Release;
		};
		8B26B14E229AB42E00A224BE /* Debug */ = {
			isa = XCBuildConfiguration;
			buildSettings = {
				ALWAYS_EMBED_SWIFT_STANDARD_LIBRARIES = YES;
				BUNDLE_LOADER = "$(TEST_HOST)";
				CODE_SIGN_STYLE = Automatic;
				DEVELOPMENT_TEAM = 2GM46VBD99;
				INFOPLIST_FILE = StarlingRounderTests/Info.plist;
				LD_RUNPATH_SEARCH_PATHS = (
					"$(inherited)",
					"@executable_path/Frameworks",
					"@loader_path/Frameworks",
				);
				PRODUCT_BUNDLE_IDENTIFIER = com.riccardoscanavacca.StarlingRounderTests;
				PRODUCT_NAME = "$(TARGET_NAME)";
				SWIFT_VERSION = 5.0;
				TARGETED_DEVICE_FAMILY = "1,2";
				TEST_HOST = "$(BUILT_PRODUCTS_DIR)/StarlingRounder.app/StarlingRounder";
			};
			name = Debug;
		};
		8B26B14F229AB42E00A224BE /* Release */ = {
			isa = XCBuildConfiguration;
			buildSettings = {
				ALWAYS_EMBED_SWIFT_STANDARD_LIBRARIES = YES;
				BUNDLE_LOADER = "$(TEST_HOST)";
				CODE_SIGN_STYLE = Automatic;
				DEVELOPMENT_TEAM = 2GM46VBD99;
				INFOPLIST_FILE = StarlingRounderTests/Info.plist;
				LD_RUNPATH_SEARCH_PATHS = (
					"$(inherited)",
					"@executable_path/Frameworks",
					"@loader_path/Frameworks",
				);
				PRODUCT_BUNDLE_IDENTIFIER = com.riccardoscanavacca.StarlingRounderTests;
				PRODUCT_NAME = "$(TARGET_NAME)";
				SWIFT_VERSION = 5.0;
				TARGETED_DEVICE_FAMILY = "1,2";
				TEST_HOST = "$(BUILT_PRODUCTS_DIR)/StarlingRounder.app/StarlingRounder";
			};
			name = Release;
		};
/* End XCBuildConfiguration section */

/* Begin XCConfigurationList section */
		8B26B128229AB42C00A224BE /* Build configuration list for PBXProject "StarlingRounder" */ = {
			isa = XCConfigurationList;
			buildConfigurations = (
				8B26B148229AB42E00A224BE /* Debug */,
				8B26B149229AB42E00A224BE /* Release */,
			);
			defaultConfigurationIsVisible = 0;
			defaultConfigurationName = Release;
		};
		8B26B14A229AB42E00A224BE /* Build configuration list for PBXNativeTarget "StarlingRounder" */ = {
			isa = XCConfigurationList;
			buildConfigurations = (
				8B26B14B229AB42E00A224BE /* Debug */,
				8B26B14C229AB42E00A224BE /* Release */,
			);
			defaultConfigurationIsVisible = 0;
			defaultConfigurationName = Release;
		};
		8B26B14D229AB42E00A224BE /* Build configuration list for PBXNativeTarget "StarlingRounderTests" */ = {
			isa = XCConfigurationList;
			buildConfigurations = (
				8B26B14E229AB42E00A224BE /* Debug */,
				8B26B14F229AB42E00A224BE /* Release */,
			);
			defaultConfigurationIsVisible = 0;
			defaultConfigurationName = Release;
		};
/* End XCConfigurationList section */
	};
	rootObject = 8B26B125229AB42C00A224BE /* Project object */;
}
